
Microsoft Visual Studio Solution File, Format Version 12.00
# Visual Studio Version 17
VisualStudioVersion = 17.5.33627.172
MinimumVisualStudioVersion = 10.0.40219.1
Project("{FAE04EC0-301F-11D3-BF4B-00C04F79EFBC}") = "HaQuangVinh_ThiKetThucMon", "HaQuangVinh_ThiKetThucMon\HaQuangVinh_ThiKetThucMon.csproj", "{E8D918EB-E55E-4DA1-B4BA-00EA4DB7AAB1}"
EndProject
Global
	GlobalSection(SolutionConfigurationPlatforms) = preSolution
		Debug|Any CPU = Debug|Any CPU
		Release|Any CPU = Release|Any CPU
	EndGlobalSection
	GlobalSection(ProjectConfigurationPlatforms) = postSolution
		{E8D918EB-E55E-4DA1-B4BA-00EA4DB7AAB1}.Debug|Any CPU.ActiveCfg = Debug|Any CPU
		{E8D918EB-E55E-4DA1-B4BA-00EA4DB7AAB1}.Debug|Any CPU.Build.0 = Debug|Any CPU
		{E8D918EB-E55E-4DA1-B4BA-00EA4DB7AAB1}.Release|Any CPU.ActiveCfg = Release|Any CPU
		{E8D918EB-E55E-4DA1-B4BA-00EA4DB7AAB1}.Release|Any CPU.Build.0 = Release|Any CPU
	EndGlobalSection
	GlobalSection(SolutionProperties) = preSolution
		HideSolutionNode = FALSE
	EndGlobalSection
	GlobalSection(ExtensibilityGlobals) = postSolution
		SolutionGuid = {003A2AF7-B8FB-4E25-B34D-68545DD787F7}
	EndGlobalSection
EndGlobal
